
Microsoft Visual Studio Solution File, Format Version 12.00
# Visual Studio 15
VisualStudioVersion = 15.0.28307.539
MinimumVisualStudioVersion = 10.0.40219.1
Project("{FAE04EC0-301F-11D3-BF4B-00C04F79EFBC}") = "DelegateExample", "DelegateExample\DelegateExample.csproj", "{0D6D2EF6-A168-432B-9E24-CE51DBF8499E}"
EndProject
Global
	GlobalSection(SolutionConfigurationPlatforms) = preSolution
		Debug|Any CPU = Debug|Any CPU
		Release|Any CPU = Release|Any CPU
	EndGlobalSection
	GlobalSection(ProjectConfigurationPlatforms) = postSolution
		{0D6D2EF6-A168-432B-9E24-CE51DBF8499E}.Debug|Any CPU.ActiveCfg = Debug|Any CPU
		{0D6D2EF6-A168-432B-9E24-CE51DBF8499E}.Debug|Any CPU.Build.0 = Debug|Any CPU
		{0D6D2EF6-A168-432B-9E24-CE51DBF8499E}.Release|Any CPU.ActiveCfg = Release|Any CPU
		{0D6D2EF6-A168-432B-9E24-CE51DBF8499E}.Release|Any CPU.Build.0 = Release|Any CPU
	EndGlobalSection
	GlobalSection(SolutionProperties) = preSolution
		HideSolutionNode = FALSE
	EndGlobalSection
	GlobalSection(ExtensibilityGlobals) = postSolution
		SolutionGuid = {E1224EFB-76F8-4631-90B3-217627E45C04}
	EndGlobalSection
EndGlobal
