
Microsoft Visual Studio Solution File, Format Version 12.00
# Visual Studio 15
VisualStudioVersion = 15.0.28307.329
MinimumVisualStudioVersion = 10.0.40219.1
Project("{FAE04EC0-301F-11D3-BF4B-00C04F79EFBC}") = "FunctionOverloading", "FunctionOverloading\FunctionOverloading.csproj", "{0AB55760-5206-4563-A755-640FC6A82B8D}"
EndProject
Global
	GlobalSection(SolutionConfigurationPlatforms) = preSolution
		Debug|Any CPU = Debug|Any CPU
		Release|Any CPU = Release|Any CPU
	EndGlobalSection
	GlobalSection(ProjectConfigurationPlatforms) = postSolution
		{0AB55760-5206-4563-A755-640FC6A82B8D}.Debug|Any CPU.ActiveCfg = Debug|Any CPU
		{0AB55760-5206-4563-A755-640FC6A82B8D}.Debug|Any CPU.Build.0 = Debug|Any CPU
		{0AB55760-5206-4563-A755-640FC6A82B8D}.Release|Any CPU.ActiveCfg = Release|Any CPU
		{0AB55760-5206-4563-A755-640FC6A82B8D}.Release|Any CPU.Build.0 = Release|Any CPU
	EndGlobalSection
	GlobalSection(SolutionProperties) = preSolution
		HideSolutionNode = FALSE
	EndGlobalSection
	GlobalSection(ExtensibilityGlobals) = postSolution
		SolutionGuid = {D5FF8962-7C89-4E33-AE0E-1191C241E216}
	EndGlobalSection
EndGlobal
